
Microsoft Visual Studio Solution File, Format Version 12.00
# Visual Studio 15
VisualStudioVersion = 15.0.27130.2026
MinimumVisualStudioVersion = 10.0.40219.1
Project("{FAE04EC0-301F-11D3-BF4B-00C04F79EFBC}") = "LBV6", "LBV6\LBV6.csproj", "{113E9D26-1B96-49BA-9291-8CBEC2D96301}"
EndProject
Project("{FAE04EC0-301F-11D3-BF4B-00C04F79EFBC}") = "LBV6ForumApp", "LBV6ForumApp\LBV6ForumApp.csproj", "{EB1421F4-482E-4B49-A580-5790D880024C}"
EndProject
Project("{FAE04EC0-301F-11D3-BF4B-00C04F79EFBC}") = "LBV6Library", "LBV6Library\LBV6Library.csproj", "{9FD99E24-7EE8-438B-A8E6-807574FFF9C8}"
EndProject
Project("{FAE04EC0-301F-11D3-BF4B-00C04F79EFBC}") = "LBV6Library.Tests", "LBV6Library.Tests\LBV6Library.Tests.csproj", "{77DD2D19-E63E-4A8F-9EAD-1B8F28739829}"
EndProject
Project("{FAE04EC0-301F-11D3-BF4B-00C04F79EFBC}") = "LBV6ForumApp.Tests", "LBV6ForumApp.Tests\LBV6ForumApp.Tests.csproj", "{B3408495-B581-4A41-8C05-A6F679E1EE38}"
EndProject
Project("{FAE04EC0-301F-11D3-BF4B-00C04F79EFBC}") = "GalleriesMigrator", "GalleriesMigrator\GalleriesMigrator.csproj", "{A46A90B6-2E1D-44EF-AC0D-A7301CDDC584}"
EndProject
Project("{FAE04EC0-301F-11D3-BF4B-00C04F79EFBC}") = "LBV6.Tests", "LBV6.Tests\LBV6.Tests.csproj", "{6660832D-101D-4A96-B7C0-E503BC2122BB}"
EndProject
Project("{9A19103F-16F7-4668-BE54-9A1E7A4F7556}") = "ObjectStoreDownloader", "ObjectStoreDownloader\ObjectStoreDownloader.csproj", "{91C27C16-C439-41B9-9C8A-59939C56DE78}"
EndProject
Project("{FAE04EC0-301F-11D3-BF4B-00C04F79EFBC}") = "PMAttachmentMigrator2", "PMAttachmentMigrator2\PMAttachmentMigrator2.csproj", "{9A9A5E9C-5B20-4EC8-8C29-8CBB096528BC}"
EndProject
Project("{FAE04EC0-301F-11D3-BF4B-00C04F79EFBC}") = "ObjectStoreDownloader2", "ObjectStoreDownloader2\ObjectStoreDownloader2.csproj", "{467832BA-34EC-40E0-8656-1A850EFCF202}"
EndProject
Global
	GlobalSection(SolutionConfigurationPlatforms) = preSolution
		Beta|Any CPU = Beta|Any CPU
		Beta|x64 = Beta|x64
		Debug|Any CPU = Debug|Any CPU
		Debug|x64 = Debug|x64
		Release|Any CPU = Release|Any CPU
		Release|x64 = Release|x64
	EndGlobalSection
	GlobalSection(ProjectConfigurationPlatforms) = postSolution
		{113E9D26-1B96-49BA-9291-8CBEC2D96301}.Beta|Any CPU.ActiveCfg = Beta|Any CPU
		{113E9D26-1B96-49BA-9291-8CBEC2D96301}.Beta|Any CPU.Build.0 = Beta|Any CPU
		{113E9D26-1B96-49BA-9291-8CBEC2D96301}.Beta|x64.ActiveCfg = Beta|Any CPU
		{113E9D26-1B96-49BA-9291-8CBEC2D96301}.Beta|x64.Build.0 = Beta|Any CPU
		{113E9D26-1B96-49BA-9291-8CBEC2D96301}.Debug|Any CPU.ActiveCfg = Debug|Any CPU
		{113E9D26-1B96-49BA-9291-8CBEC2D96301}.Debug|Any CPU.Build.0 = Debug|Any CPU
		{113E9D26-1B96-49BA-9291-8CBEC2D96301}.Debug|x64.ActiveCfg = Debug|Any CPU
		{113E9D26-1B96-49BA-9291-8CBEC2D96301}.Debug|x64.Build.0 = Debug|Any CPU
		{113E9D26-1B96-49BA-9291-8CBEC2D96301}.Release|Any CPU.ActiveCfg = Release|Any CPU
		{113E9D26-1B96-49BA-9291-8CBEC2D96301}.Release|Any CPU.Build.0 = Release|Any CPU
		{113E9D26-1B96-49BA-9291-8CBEC2D96301}.Release|x64.ActiveCfg = Release|Any CPU
		{113E9D26-1B96-49BA-9291-8CBEC2D96301}.Release|x64.Build.0 = Release|Any CPU
		{EB1421F4-482E-4B49-A580-5790D880024C}.Beta|Any CPU.ActiveCfg = Beta|Any CPU
		{EB1421F4-482E-4B49-A580-5790D880024C}.Beta|Any CPU.Build.0 = Beta|Any CPU
		{EB1421F4-482E-4B49-A580-5790D880024C}.Beta|x64.ActiveCfg = Beta|Any CPU
		{EB1421F4-482E-4B49-A580-5790D880024C}.Beta|x64.Build.0 = Beta|Any CPU
		{EB1421F4-482E-4B49-A580-5790D880024C}.Debug|Any CPU.ActiveCfg = Debug|Any CPU
		{EB1421F4-482E-4B49-A580-5790D880024C}.Debug|Any CPU.Build.0 = Debug|Any CPU
		{EB1421F4-482E-4B49-A580-5790D880024C}.Debug|x64.ActiveCfg = Debug|Any CPU
		{EB1421F4-482E-4B49-A580-5790D880024C}.Debug|x64.Build.0 = Debug|Any CPU
		{EB1421F4-482E-4B49-A580-5790D880024C}.Release|Any CPU.ActiveCfg = Release|Any CPU
		{EB1421F4-482E-4B49-A580-5790D880024C}.Release|Any CPU.Build.0 = Release|Any CPU
		{EB1421F4-482E-4B49-A580-5790D880024C}.Release|x64.ActiveCfg = Release|Any CPU
		{EB1421F4-482E-4B49-A580-5790D880024C}.Release|x64.Build.0 = Release|Any CPU
		{9FD99E24-7EE8-438B-A8E6-807574FFF9C8}.Beta|Any CPU.ActiveCfg = Release|Any CPU
		{9FD99E24-7EE8-438B-A8E6-807574FFF9C8}.Beta|Any CPU.Build.0 = Release|Any CPU
		{9FD99E24-7EE8-438B-A8E6-807574FFF9C8}.Beta|x64.ActiveCfg = Calvin|Any CPU
		{9FD99E24-7EE8-438B-A8E6-807574FFF9C8}.Beta|x64.Build.0 = Calvin|Any CPU
		{9FD99E24-7EE8-438B-A8E6-807574FFF9C8}.Debug|Any CPU.ActiveCfg = Debug|Any CPU
		{9FD99E24-7EE8-438B-A8E6-807574FFF9C8}.Debug|Any CPU.Build.0 = Debug|Any CPU
		{9FD99E24-7EE8-438B-A8E6-807574FFF9C8}.Debug|x64.ActiveCfg = Debug|Any CPU
		{9FD99E24-7EE8-438B-A8E6-807574FFF9C8}.Debug|x64.Build.0 = Debug|Any CPU
		{9FD99E24-7EE8-438B-A8E6-807574FFF9C8}.Release|Any CPU.ActiveCfg = Release|Any CPU
		{9FD99E24-7EE8-438B-A8E6-807574FFF9C8}.Release|Any CPU.Build.0 = Release|Any CPU
		{9FD99E24-7EE8-438B-A8E6-807574FFF9C8}.Release|x64.ActiveCfg = Release|Any CPU
		{9FD99E24-7EE8-438B-A8E6-807574FFF9C8}.Release|x64.Build.0 = Release|Any CPU
		{77DD2D19-E63E-4A8F-9EAD-1B8F28739829}.Beta|Any CPU.ActiveCfg = Release|Any CPU
		{77DD2D19-E63E-4A8F-9EAD-1B8F28739829}.Beta|Any CPU.Build.0 = Release|Any CPU
		{77DD2D19-E63E-4A8F-9EAD-1B8F28739829}.Beta|x64.ActiveCfg = Debug|Any CPU
		{77DD2D19-E63E-4A8F-9EAD-1B8F28739829}.Beta|x64.Build.0 = Debug|Any CPU
		{77DD2D19-E63E-4A8F-9EAD-1B8F28739829}.Debug|Any CPU.ActiveCfg = Debug|Any CPU
		{77DD2D19-E63E-4A8F-9EAD-1B8F28739829}.Debug|Any CPU.Build.0 = Debug|Any CPU
		{77DD2D19-E63E-4A8F-9EAD-1B8F28739829}.Debug|x64.ActiveCfg = Debug|Any CPU
		{77DD2D19-E63E-4A8F-9EAD-1B8F28739829}.Debug|x64.Build.0 = Debug|Any CPU
		{77DD2D19-E63E-4A8F-9EAD-1B8F28739829}.Release|Any CPU.ActiveCfg = Release|Any CPU
		{77DD2D19-E63E-4A8F-9EAD-1B8F28739829}.Release|Any CPU.Build.0 = Release|Any CPU
		{77DD2D19-E63E-4A8F-9EAD-1B8F28739829}.Release|x64.ActiveCfg = Release|Any CPU
		{77DD2D19-E63E-4A8F-9EAD-1B8F28739829}.Release|x64.Build.0 = Release|Any CPU
		{B3408495-B581-4A41-8C05-A6F679E1EE38}.Beta|Any CPU.ActiveCfg = Release|Any CPU
		{B3408495-B581-4A41-8C05-A6F679E1EE38}.Beta|Any CPU.Build.0 = Release|Any CPU
		{B3408495-B581-4A41-8C05-A6F679E1EE38}.Beta|x64.ActiveCfg = Debug|Any CPU
		{B3408495-B581-4A41-8C05-A6F679E1EE38}.Beta|x64.Build.0 = Debug|Any CPU
		{B3408495-B581-4A41-8C05-A6F679E1EE38}.Debug|Any CPU.ActiveCfg = Debug|Any CPU
		{B3408495-B581-4A41-8C05-A6F679E1EE38}.Debug|Any CPU.Build.0 = Debug|Any CPU
		{B3408495-B581-4A41-8C05-A6F679E1EE38}.Debug|x64.ActiveCfg = Debug|Any CPU
		{B3408495-B581-4A41-8C05-A6F679E1EE38}.Debug|x64.Build.0 = Debug|Any CPU
		{B3408495-B581-4A41-8C05-A6F679E1EE38}.Release|Any CPU.ActiveCfg = Release|Any CPU
		{B3408495-B581-4A41-8C05-A6F679E1EE38}.Release|Any CPU.Build.0 = Release|Any CPU
		{B3408495-B581-4A41-8C05-A6F679E1EE38}.Release|x64.ActiveCfg = Release|Any CPU
		{B3408495-B581-4A41-8C05-A6F679E1EE38}.Release|x64.Build.0 = Release|Any CPU
		{A46A90B6-2E1D-44EF-AC0D-A7301CDDC584}.Beta|Any CPU.ActiveCfg = Release|Any CPU
		{A46A90B6-2E1D-44EF-AC0D-A7301CDDC584}.Beta|Any CPU.Build.0 = Release|Any CPU
		{A46A90B6-2E1D-44EF-AC0D-A7301CDDC584}.Beta|x64.ActiveCfg = Debug|Any CPU
		{A46A90B6-2E1D-44EF-AC0D-A7301CDDC584}.Beta|x64.Build.0 = Debug|Any CPU
		{A46A90B6-2E1D-44EF-AC0D-A7301CDDC584}.Debug|Any CPU.ActiveCfg = Debug|Any CPU
		{A46A90B6-2E1D-44EF-AC0D-A7301CDDC584}.Debug|Any CPU.Build.0 = Debug|Any CPU
		{A46A90B6-2E1D-44EF-AC0D-A7301CDDC584}.Debug|x64.ActiveCfg = Debug|Any CPU
		{A46A90B6-2E1D-44EF-AC0D-A7301CDDC584}.Debug|x64.Build.0 = Debug|Any CPU
		{A46A90B6-2E1D-44EF-AC0D-A7301CDDC584}.Release|Any CPU.ActiveCfg = Release|Any CPU
		{A46A90B6-2E1D-44EF-AC0D-A7301CDDC584}.Release|Any CPU.Build.0 = Release|Any CPU
		{A46A90B6-2E1D-44EF-AC0D-A7301CDDC584}.Release|x64.ActiveCfg = Release|Any CPU
		{A46A90B6-2E1D-44EF-AC0D-A7301CDDC584}.Release|x64.Build.0 = Release|Any CPU
		{6660832D-101D-4A96-B7C0-E503BC2122BB}.Beta|Any CPU.ActiveCfg = Release|Any CPU
		{6660832D-101D-4A96-B7C0-E503BC2122BB}.Beta|Any CPU.Build.0 = Release|Any CPU
		{6660832D-101D-4A96-B7C0-E503BC2122BB}.Beta|x64.ActiveCfg = Release|Any CPU
		{6660832D-101D-4A96-B7C0-E503BC2122BB}.Beta|x64.Build.0 = Release|Any CPU
		{6660832D-101D-4A96-B7C0-E503BC2122BB}.Debug|Any CPU.ActiveCfg = Debug|Any CPU
		{6660832D-101D-4A96-B7C0-E503BC2122BB}.Debug|Any CPU.Build.0 = Debug|Any CPU
		{6660832D-101D-4A96-B7C0-E503BC2122BB}.Debug|x64.ActiveCfg = Debug|Any CPU
		{6660832D-101D-4A96-B7C0-E503BC2122BB}.Debug|x64.Build.0 = Debug|Any CPU
		{6660832D-101D-4A96-B7C0-E503BC2122BB}.Release|Any CPU.ActiveCfg = Release|Any CPU
		{6660832D-101D-4A96-B7C0-E503BC2122BB}.Release|Any CPU.Build.0 = Release|Any CPU
		{6660832D-101D-4A96-B7C0-E503BC2122BB}.Release|x64.ActiveCfg = Release|Any CPU
		{6660832D-101D-4A96-B7C0-E503BC2122BB}.Release|x64.Build.0 = Release|Any CPU
		{91C27C16-C439-41B9-9C8A-59939C56DE78}.Beta|Any CPU.ActiveCfg = Debug|Any CPU
		{91C27C16-C439-41B9-9C8A-59939C56DE78}.Beta|Any CPU.Build.0 = Debug|Any CPU
		{91C27C16-C439-41B9-9C8A-59939C56DE78}.Beta|x64.ActiveCfg = Debug|Any CPU
		{91C27C16-C439-41B9-9C8A-59939C56DE78}.Beta|x64.Build.0 = Debug|Any CPU
		{91C27C16-C439-41B9-9C8A-59939C56DE78}.Debug|Any CPU.ActiveCfg = Debug|Any CPU
		{91C27C16-C439-41B9-9C8A-59939C56DE78}.Debug|Any CPU.Build.0 = Debug|Any CPU
		{91C27C16-C439-41B9-9C8A-59939C56DE78}.Debug|x64.ActiveCfg = Debug|Any CPU
		{91C27C16-C439-41B9-9C8A-59939C56DE78}.Debug|x64.Build.0 = Debug|Any CPU
		{91C27C16-C439-41B9-9C8A-59939C56DE78}.Release|Any CPU.ActiveCfg = Release|Any CPU
		{91C27C16-C439-41B9-9C8A-59939C56DE78}.Release|Any CPU.Build.0 = Release|Any CPU
		{91C27C16-C439-41B9-9C8A-59939C56DE78}.Release|x64.ActiveCfg = Release|Any CPU
		{91C27C16-C439-41B9-9C8A-59939C56DE78}.Release|x64.Build.0 = Release|Any CPU
		{9A9A5E9C-5B20-4EC8-8C29-8CBB096528BC}.Beta|Any CPU.ActiveCfg = Release|Any CPU
		{9A9A5E9C-5B20-4EC8-8C29-8CBB096528BC}.Beta|Any CPU.Build.0 = Release|Any CPU
		{9A9A5E9C-5B20-4EC8-8C29-8CBB096528BC}.Beta|x64.ActiveCfg = Release|Any CPU
		{9A9A5E9C-5B20-4EC8-8C29-8CBB096528BC}.Beta|x64.Build.0 = Release|Any CPU
		{9A9A5E9C-5B20-4EC8-8C29-8CBB096528BC}.Debug|Any CPU.ActiveCfg = Debug|Any CPU
		{9A9A5E9C-5B20-4EC8-8C29-8CBB096528BC}.Debug|Any CPU.Build.0 = Debug|Any CPU
		{9A9A5E9C-5B20-4EC8-8C29-8CBB096528BC}.Debug|x64.ActiveCfg = Debug|Any CPU
		{9A9A5E9C-5B20-4EC8-8C29-8CBB096528BC}.Debug|x64.Build.0 = Debug|Any CPU
		{9A9A5E9C-5B20-4EC8-8C29-8CBB096528BC}.Release|Any CPU.ActiveCfg = Release|Any CPU
		{9A9A5E9C-5B20-4EC8-8C29-8CBB096528BC}.Release|Any CPU.Build.0 = Release|Any CPU
		{9A9A5E9C-5B20-4EC8-8C29-8CBB096528BC}.Release|x64.ActiveCfg = Release|Any CPU
		{9A9A5E9C-5B20-4EC8-8C29-8CBB096528BC}.Release|x64.Build.0 = Release|Any CPU
		{467832BA-34EC-40E0-8656-1A850EFCF202}.Beta|Any CPU.ActiveCfg = Release|Any CPU
		{467832BA-34EC-40E0-8656-1A850EFCF202}.Beta|Any CPU.Build.0 = Release|Any CPU
		{467832BA-34EC-40E0-8656-1A850EFCF202}.Beta|x64.ActiveCfg = Release|Any CPU
		{467832BA-34EC-40E0-8656-1A850EFCF202}.Beta|x64.Build.0 = Release|Any CPU
		{467832BA-34EC-40E0-8656-1A850EFCF202}.Debug|Any CPU.ActiveCfg = Debug|Any CPU
		{467832BA-34EC-40E0-8656-1A850EFCF202}.Debug|Any CPU.Build.0 = Debug|Any CPU
		{467832BA-34EC-40E0-8656-1A850EFCF202}.Debug|x64.ActiveCfg = Debug|Any CPU
		{467832BA-34EC-40E0-8656-1A850EFCF202}.Debug|x64.Build.0 = Debug|Any CPU
		{467832BA-34EC-40E0-8656-1A850EFCF202}.Release|Any CPU.ActiveCfg = Release|Any CPU
		{467832BA-34EC-40E0-8656-1A850EFCF202}.Release|Any CPU.Build.0 = Release|Any CPU
		{467832BA-34EC-40E0-8656-1A850EFCF202}.Release|x64.ActiveCfg = Release|Any CPU
		{467832BA-34EC-40E0-8656-1A850EFCF202}.Release|x64.Build.0 = Release|Any CPU
	EndGlobalSection
	GlobalSection(SolutionProperties) = preSolution
		HideSolutionNode = FALSE
	EndGlobalSection
	GlobalSection(ExtensibilityGlobals) = postSolution
		SolutionGuid = {D83899D4-2976-44C2-8F93-7B7F4FD67379}
	EndGlobalSection
EndGlobal
